
Microsoft Visual Studio Solution File, Format Version 12.00
# Visual Studio Version 17
VisualStudioVersion = 17.1.32421.90
MinimumVisualStudioVersion = 10.0.40219.1
Project("{9A19103F-16F7-4668-BE54-9A1E7A4F7556}") = "P.01. Count Same Values in Array", "P.01. Count Same Values in Array\P.01. Count Same Values in Array.csproj", "{F02BC1BB-AB53-4373-B9AC-2EFE29E02A77}"
EndProject
Project("{9A19103F-16F7-4668-BE54-9A1E7A4F7556}") = "P.03. Largest 3 Numbers", "P.03. Largest 3 Numbers\P.03. Largest 3 Numbers.csproj", "{5FD9AC3B-E586-434E-9E68-E8FCCB8B9055}"
EndProject
Project("{9A19103F-16F7-4668-BE54-9A1E7A4F7556}") = "P.02. Average Student Grades", "P.02. Average Student Grades\P.02. Average Student Grades.csproj", "{DBCD0C0E-90D1-4289-BD60-1BF3EC2E7316}"
EndProject
Project("{9A19103F-16F7-4668-BE54-9A1E7A4F7556}") = "P.04. Product Shop", "P.04. Product Shop\P.04. Product Shop.csproj", "{02F81F27-5A0B-4796-9C34-5E2EE4FC8CA0}"
EndProject
Project("{9A19103F-16F7-4668-BE54-9A1E7A4F7556}") = "P.05. Cities Continent Country", "P.05. Cities Continent Country\P.05. Cities Continent Country.csproj", "{DF6E45A3-8B99-491C-BB2D-E4306BC33C55}"
EndProject
Project("{9A19103F-16F7-4668-BE54-9A1E7A4F7556}") = "P.06. Record Unique Names", "P.06. Record Unique Names\P.06. Record Unique Names.csproj", "{C98A2D96-34D9-4F7E-9530-7BDE320F7D3F}"
EndProject
Project("{FAE04EC0-301F-11D3-BF4B-00C04F79EFBC}") = "P.07. Parking Lot", "P.07. Parking Lot\P.07. Parking Lot.csproj", "{12BA6CC0-947A-4218-A73C-96925ECCDE0F}"
EndProject
Project("{FAE04EC0-301F-11D3-BF4B-00C04F79EFBC}") = "P.08. SoftUni Party", "P.08. SoftUni Party\P.08. SoftUni Party.csproj", "{2DD7720A-B7E8-4AAB-B514-8355F56FD568}"
EndProject
Global
	GlobalSection(SolutionConfigurationPlatforms) = preSolution
		Debug|Any CPU = Debug|Any CPU
		Release|Any CPU = Release|Any CPU
	EndGlobalSection
	GlobalSection(ProjectConfigurationPlatforms) = postSolution
		{F02BC1BB-AB53-4373-B9AC-2EFE29E02A77}.Debug|Any CPU.ActiveCfg = Debug|Any CPU
		{F02BC1BB-AB53-4373-B9AC-2EFE29E02A77}.Debug|Any CPU.Build.0 = Debug|Any CPU
		{F02BC1BB-AB53-4373-B9AC-2EFE29E02A77}.Release|Any CPU.ActiveCfg = Release|Any CPU
		{F02BC1BB-AB53-4373-B9AC-2EFE29E02A77}.Release|Any CPU.Build.0 = Release|Any CPU
		{5FD9AC3B-E586-434E-9E68-E8FCCB8B9055}.Debug|Any CPU.ActiveCfg = Debug|Any CPU
		{5FD9AC3B-E586-434E-9E68-E8FCCB8B9055}.Debug|Any CPU.Build.0 = Debug|Any CPU
		{5FD9AC3B-E586-434E-9E68-E8FCCB8B9055}.Release|Any CPU.ActiveCfg = Release|Any CPU
		{5FD9AC3B-E586-434E-9E68-E8FCCB8B9055}.Release|Any CPU.Build.0 = Release|Any CPU
		{DBCD0C0E-90D1-4289-BD60-1BF3EC2E7316}.Debug|Any CPU.ActiveCfg = Debug|Any CPU
		{DBCD0C0E-90D1-4289-BD60-1BF3EC2E7316}.Debug|Any CPU.Build.0 = Debug|Any CPU
		{DBCD0C0E-90D1-4289-BD60-1BF3EC2E7316}.Release|Any CPU.ActiveCfg = Release|Any CPU
		{DBCD0C0E-90D1-4289-BD60-1BF3EC2E7316}.Release|Any CPU.Build.0 = Release|Any CPU
		{02F81F27-5A0B-4796-9C34-5E2EE4FC8CA0}.Debug|Any CPU.ActiveCfg = Debug|Any CPU
		{02F81F27-5A0B-4796-9C34-5E2EE4FC8CA0}.Debug|Any CPU.Build.0 = Debug|Any CPU
		{02F81F27-5A0B-4796-9C34-5E2EE4FC8CA0}.Release|Any CPU.ActiveCfg = Release|Any CPU
		{02F81F27-5A0B-4796-9C34-5E2EE4FC8CA0}.Release|Any CPU.Build.0 = Release|Any CPU
		{DF6E45A3-8B99-491C-BB2D-E4306BC33C55}.Debug|Any CPU.ActiveCfg = Debug|Any CPU
		{DF6E45A3-8B99-491C-BB2D-E4306BC33C55}.Debug|Any CPU.Build.0 = Debug|Any CPU
		{DF6E45A3-8B99-491C-BB2D-E4306BC33C55}.Release|Any CPU.ActiveCfg = Release|Any CPU
		{DF6E45A3-8B99-491C-BB2D-E4306BC33C55}.Release|Any CPU.Build.0 = Release|Any CPU
		{C98A2D96-34D9-4F7E-9530-7BDE320F7D3F}.Debug|Any CPU.ActiveCfg = Debug|Any CPU
		{C98A2D96-34D9-4F7E-9530-7BDE320F7D3F}.Debug|Any CPU.Build.0 = Debug|Any CPU
		{C98A2D96-34D9-4F7E-9530-7BDE320F7D3F}.Release|Any CPU.ActiveCfg = Release|Any CPU
		{C98A2D96-34D9-4F7E-9530-7BDE320F7D3F}.Release|Any CPU.Build.0 = Release|Any CPU
		{12BA6CC0-947A-4218-A73C-96925ECCDE0F}.Debug|Any CPU.ActiveCfg = Debug|Any CPU
		{12BA6CC0-947A-4218-A73C-96925ECCDE0F}.Debug|Any CPU.Build.0 = Debug|Any CPU
		{12BA6CC0-947A-4218-A73C-96925ECCDE0F}.Release|Any CPU.ActiveCfg = Release|Any CPU
		{12BA6CC0-947A-4218-A73C-96925ECCDE0F}.Release|Any CPU.Build.0 = Release|Any CPU
		{2DD7720A-B7E8-4AAB-B514-8355F56FD568}.Debug|Any CPU.ActiveCfg = Debug|Any CPU
		{2DD7720A-B7E8-4AAB-B514-8355F56FD568}.Debug|Any CPU.Build.0 = Debug|Any CPU
		{2DD7720A-B7E8-4AAB-B514-8355F56FD568}.Release|Any CPU.ActiveCfg = Release|Any CPU
		{2DD7720A-B7E8-4AAB-B514-8355F56FD568}.Release|Any CPU.Build.0 = Release|Any CPU
	EndGlobalSection
	GlobalSection(SolutionProperties) = preSolution
		HideSolutionNode = FALSE
	EndGlobalSection
	GlobalSection(ExtensibilityGlobals) = postSolution
		SolutionGuid = {56E60508-2515-4BF5-A89B-DC75D4AFCB4A}
	EndGlobalSection
EndGlobal
